
Microsoft Visual Studio Solution File, Format Version 12.00
# Visual Studio Version 16
VisualStudioVersion = 16.0.30011.22
MinimumVisualStudioVersion = 10.0.40219.1
Project("{9A19103F-16F7-4668-BE54-9A1E7A4F7556}") = "FinSaveAPI", "FinSaveAPI\FinSaveAPI.csproj", "{512ADE75-B07F-49CC-B30B-B4DE14437608}"
EndProject
Global
	GlobalSection(SolutionConfigurationPlatforms) = preSolution
		Debug|Any CPU = Debug|Any CPU
		Release|Any CPU = Release|Any CPU
	EndGlobalSection
	GlobalSection(ProjectConfigurationPlatforms) = postSolution
		{512ADE75-B07F-49CC-B30B-B4DE14437608}.Debug|Any CPU.ActiveCfg = Debug|Any CPU
		{512ADE75-B07F-49CC-B30B-B4DE14437608}.Debug|Any CPU.Build.0 = Debug|Any CPU
		{512ADE75-B07F-49CC-B30B-B4DE14437608}.Release|Any CPU.ActiveCfg = Release|Any CPU
		{512ADE75-B07F-49CC-B30B-B4DE14437608}.Release|Any CPU.Build.0 = Release|Any CPU
	EndGlobalSection
	GlobalSection(SolutionProperties) = preSolution
		HideSolutionNode = FALSE
	EndGlobalSection
	GlobalSection(ExtensibilityGlobals) = postSolution
		SolutionGuid = {DFEB8332-CADF-44FA-9F86-C5D5C2C97DB3}
	EndGlobalSection
EndGlobal
